// !$*UTF8*$!
{
	archiveVersion = 1;
	classes = {
	};
	objectVersion = 55;
	objects = {

/* Begin PBXBuildFile section */
		AC3141FB28B6A19300E9364D /* Server.swift in Sources */ = {isa = PBXBuildFile; fileRef = AC3141FA28B6A19300E9364D /* Server.swift */; };
		AC3141FE28B6A1DE00E9364D /* RxCocoa in Frameworks */ = {isa = PBXBuildFile; productRef = AC3141FD28B6A1DE00E9364D /* RxCocoa */; };
		AC31420028B6A1DE00E9364D /* RxRelay in Frameworks */ = {isa = PBXBuildFile; productRef = AC3141FF28B6A1DE00E9364D /* RxRelay */; };
		AC31420228B6A1DE00E9364D /* RxSwift in Frameworks */ = {isa = PBXBuildFile; productRef = AC31420128B6A1DE00E9364D /* RxSwift */; };
		AC31420428B6A38900E9364D /* EmptyRequest.swift in Sources */ = {isa = PBXBuildFile; fileRef = AC31420328B6A38900E9364D /* EmptyRequest.swift */; };
		AC31420628B6A39800E9364D /* EmptyResponse.swift in Sources */ = {isa = PBXBuildFile; fileRef = AC31420528B6A39800E9364D /* EmptyResponse.swift */; };
		AC31420C28B6A45700E9364D /* Rx+Extended.swift in Sources */ = {isa = PBXBuildFile; fileRef = AC31420A28B6A45700E9364D /* Rx+Extended.swift */; };
		AC31420E28B6A5DB00E9364D /* URLSession+Extended.swift in Sources */ = {isa = PBXBuildFile; fileRef = AC31420D28B6A5DB00E9364D /* URLSession+Extended.swift */; };
		AC31421028B6A6A100E9364D /* ErrorExtended.swift in Sources */ = {isa = PBXBuildFile; fileRef = AC31420F28B6A6A100E9364D /* ErrorExtended.swift */; };
		AC31421228B6A7F500E9364D /* Errors.swift in Sources */ = {isa = PBXBuildFile; fileRef = AC31421128B6A7F500E9364D /* Errors.swift */; };
		AC31421428B6A82A00E9364D /* JSONDecoder+Extended.swift in Sources */ = {isa = PBXBuildFile; fileRef = AC31421328B6A82A00E9364D /* JSONDecoder+Extended.swift */; };
		AC31421628B6A88100E9364D /* Date+Extended.swift in Sources */ = {isa = PBXBuildFile; fileRef = AC31421528B6A88100E9364D /* Date+Extended.swift */; };
		AC31421A28B6AA5B00E9364D /* URLRequest+Extended.swift in Sources */ = {isa = PBXBuildFile; fileRef = AC31421928B6AA5B00E9364D /* URLRequest+Extended.swift */; };
		AC31421C28B6AC4E00E9364D /* AppConfiguration.swift in Sources */ = {isa = PBXBuildFile; fileRef = AC31421B28B6AC4E00E9364D /* AppConfiguration.swift */; };
		AC4E448428B9472C00A74F42 /* PhoneNumberViewModel.swift in Sources */ = {isa = PBXBuildFile; fileRef = AC4E448328B9472C00A74F42 /* PhoneNumberViewModel.swift */; };
		AC4E448728B94A1B00A74F42 /* PhoneNumber.swift in Sources */ = {isa = PBXBuildFile; fileRef = AC4E448628B94A1B00A74F42 /* PhoneNumber.swift */; };
		AC4E448928B94B9900A74F42 /* Load.swift in Sources */ = {isa = PBXBuildFile; fileRef = AC4E448828B94B9900A74F42 /* Load.swift */; };
		AC4E448B28B94BF300A74F42 /* ActivityIndicator.swift in Sources */ = {isa = PBXBuildFile; fileRef = AC4E448A28B94BF300A74F42 /* ActivityIndicator.swift */; };
		AC4E449028B94F4900A74F42 /* EnterOTPViewController.swift in Sources */ = {isa = PBXBuildFile; fileRef = AC4E448F28B94F4900A74F42 /* EnterOTPViewController.swift */; };
		AC4E449228B954FB00A74F42 /* AppDelegateDependencies.swift in Sources */ = {isa = PBXBuildFile; fileRef = AC4E449128B954FB00A74F42 /* AppDelegateDependencies.swift */; };
		AC4E449E28B95A3800A74F42 /* UIWindow+Extension.swift in Sources */ = {isa = PBXBuildFile; fileRef = AC4E449B28B95A3700A74F42 /* UIWindow+Extension.swift */; };
		AC4E449F28B95A3800A74F42 /* LoadIndicatorView.swift in Sources */ = {isa = PBXBuildFile; fileRef = AC4E449C28B95A3800A74F42 /* LoadIndicatorView.swift */; };
		AC4E44A028B95A3800A74F42 /* LoadIndicatorViewController.swift in Sources */ = {isa = PBXBuildFile; fileRef = AC4E449D28B95A3800A74F42 /* LoadIndicatorViewController.swift */; };
		AC4E44A228B95A6B00A74F42 /* LoadingIndicator.swift in Sources */ = {isa = PBXBuildFile; fileRef = AC4E44A128B95A6B00A74F42 /* LoadingIndicator.swift */; };
		AC4E44A728B95D4000A74F42 /* CancellationAlertController.swift in Sources */ = {isa = PBXBuildFile; fileRef = AC4E44A628B95D4000A74F42 /* CancellationAlertController.swift */; };
		ACA8DCC028B5501B00BD943B /* AppDelegate.swift in Sources */ = {isa = PBXBuildFile; fileRef = ACA8DCBF28B5501B00BD943B /* AppDelegate.swift */; };
		ACA8DCC228B5501B00BD943B /* SceneDelegate.swift in Sources */ = {isa = PBXBuildFile; fileRef = ACA8DCC128B5501B00BD943B /* SceneDelegate.swift */; };
		ACA8DCC428B5501B00BD943B /* PhoneNumberViewController.swift in Sources */ = {isa = PBXBuildFile; fileRef = ACA8DCC328B5501B00BD943B /* PhoneNumberViewController.swift */; };
		ACA8DCC928B5501C00BD943B /* Assets.xcassets in Resources */ = {isa = PBXBuildFile; fileRef = ACA8DCC828B5501C00BD943B /* Assets.xcassets */; };
		ACA8DCCC28B5501C00BD943B /* LaunchScreen.storyboard in Resources */ = {isa = PBXBuildFile; fileRef = ACA8DCCA28B5501C00BD943B /* LaunchScreen.storyboard */; };
		ACA8DCD728B5501C00BD943B /* DemoAisleTests.swift in Sources */ = {isa = PBXBuildFile; fileRef = ACA8DCD628B5501C00BD943B /* DemoAisleTests.swift */; };
		ACA8DCE128B5501C00BD943B /* DemoAisleUITests.swift in Sources */ = {isa = PBXBuildFile; fileRef = ACA8DCE028B5501C00BD943B /* DemoAisleUITests.swift */; };
		ACA8DCE328B5501C00BD943B /* DemoAisleUITestsLaunchTests.swift in Sources */ = {isa = PBXBuildFile; fileRef = ACA8DCE228B5501C00BD943B /* DemoAisleUITestsLaunchTests.swift */; };
/* End PBXBuildFile section */

/* Begin PBXContainerItemProxy section */
		ACA8DCD328B5501C00BD943B /* PBXContainerItemProxy */ = {
			isa = PBXContainerItemProxy;
			containerPortal = ACA8DCB428B5501B00BD943B /* Project object */;
			proxyType = 1;
			remoteGlobalIDString = ACA8DCBB28B5501B00BD943B;
			remoteInfo = DemoAisle;
		};
		ACA8DCDD28B5501C00BD943B /* PBXContainerItemProxy */ = {
			isa = PBXContainerItemProxy;
			containerPortal = ACA8DCB428B5501B00BD943B /* Project object */;
			proxyType = 1;
			remoteGlobalIDString = ACA8DCBB28B5501B00BD943B;
			remoteInfo = DemoAisle;
		};
/* End PBXContainerItemProxy section */

/* Begin PBXFileReference section */
		AC3141FA28B6A19300E9364D /* Server.swift */ = {isa = PBXFileReference; lastKnownFileType = sourcecode.swift; path = Server.swift; sourceTree = "<group>"; };
		AC31420328B6A38900E9364D /* EmptyRequest.swift */ = {isa = PBXFileReference; lastKnownFileType = sourcecode.swift; path = EmptyRequest.swift; sourceTree = "<group>"; };
		AC31420528B6A39800E9364D /* EmptyResponse.swift */ = {isa = PBXFileReference; lastKnownFileType = sourcecode.swift; path = EmptyResponse.swift; sourceTree = "<group>"; };
		AC31420B28B6A45700E9364D /* Base */ = {isa = PBXFileReference; lastKnownFileType = sourcecode.swift; name = Base; path = "DemoAisle/Base.lproj/Rx+Extended.swift"; sourceTree = SOURCE_ROOT; };
		AC31420D28B6A5DB00E9364D /* URLSession+Extended.swift */ = {isa = PBXFileReference; lastKnownFileType = sourcecode.swift; path = "URLSession+Extended.swift"; sourceTree = "<group>"; };
		AC31420F28B6A6A100E9364D /* ErrorExtended.swift */ = {isa = PBXFileReference; lastKnownFileType = sourcecode.swift; path = ErrorExtended.swift; sourceTree = "<group>"; };
		AC31421128B6A7F500E9364D /* Errors.swift */ = {isa = PBXFileReference; lastKnownFileType = sourcecode.swift; path = Errors.swift; sourceTree = "<group>"; };
		AC31421328B6A82A00E9364D /* JSONDecoder+Extended.swift */ = {isa = PBXFileReference; lastKnownFileType = sourcecode.swift; path = "JSONDecoder+Extended.swift"; sourceTree = "<group>"; };
		AC31421528B6A88100E9364D /* Date+Extended.swift */ = {isa = PBXFileReference; lastKnownFileType = sourcecode.swift; path = "Date+Extended.swift"; sourceTree = "<group>"; };
		AC31421928B6AA5B00E9364D /* URLRequest+Extended.swift */ = {isa = PBXFileReference; lastKnownFileType = sourcecode.swift; path = "URLRequest+Extended.swift"; sourceTree = "<group>"; };
		AC31421B28B6AC4E00E9364D /* AppConfiguration.swift */ = {isa = PBXFileReference; lastKnownFileType = sourcecode.swift; path = AppConfiguration.swift; sourceTree = "<group>"; };
		AC4E448328B9472C00A74F42 /* PhoneNumberViewModel.swift */ = {isa = PBXFileReference; lastKnownFileType = sourcecode.swift; path = PhoneNumberViewModel.swift; sourceTree = "<group>"; };
		AC4E448628B94A1B00A74F42 /* PhoneNumber.swift */ = {isa = PBXFileReference; lastKnownFileType = sourcecode.swift; path = PhoneNumber.swift; sourceTree = "<group>"; };
		AC4E448828B94B9900A74F42 /* Load.swift */ = {isa = PBXFileReference; lastKnownFileType = sourcecode.swift; path = Load.swift; sourceTree = "<group>"; };
		AC4E448A28B94BF300A74F42 /* ActivityIndicator.swift */ = {isa = PBXFileReference; lastKnownFileType = sourcecode.swift; path = ActivityIndicator.swift; sourceTree = "<group>"; };
		AC4E448F28B94F4900A74F42 /* EnterOTPViewController.swift */ = {isa = PBXFileReference; lastKnownFileType = sourcecode.swift; path = EnterOTPViewController.swift; sourceTree = "<group>"; };
		AC4E449128B954FB00A74F42 /* AppDelegateDependencies.swift */ = {isa = PBXFileReference; lastKnownFileType = sourcecode.swift; path = AppDelegateDependencies.swift; sourceTree = "<group>"; };
		AC4E449B28B95A3700A74F42 /* UIWindow+Extension.swift */ = {isa = PBXFileReference; fileEncoding = 4; lastKnownFileType = sourcecode.swift; path = "UIWindow+Extension.swift"; sourceTree = "<group>"; };
		AC4E449C28B95A3800A74F42 /* LoadIndicatorView.swift */ = {isa = PBXFileReference; fileEncoding = 4; lastKnownFileType = sourcecode.swift; path = LoadIndicatorView.swift; sourceTree = "<group>"; };
		AC4E449D28B95A3800A74F42 /* LoadIndicatorViewController.swift */ = {isa = PBXFileReference; fileEncoding = 4; lastKnownFileType = sourcecode.swift; path = LoadIndicatorViewController.swift; sourceTree = "<group>"; };
		AC4E44A128B95A6B00A74F42 /* LoadingIndicator.swift */ = {isa = PBXFileReference; fileEncoding = 4; lastKnownFileType = sourcecode.swift; path = LoadingIndicator.swift; sourceTree = "<group>"; };
		AC4E44A628B95D4000A74F42 /* CancellationAlertController.swift */ = {isa = PBXFileReference; lastKnownFileType = sourcecode.swift; path = CancellationAlertController.swift; sourceTree = "<group>"; };
		ACA8DCBC28B5501B00BD943B /* DemoAisle.app */ = {isa = PBXFileReference; explicitFileType = wrapper.application; includeInIndex = 0; path = DemoAisle.app; sourceTree = BUILT_PRODUCTS_DIR; };
		ACA8DCBF28B5501B00BD943B /* AppDelegate.swift */ = {isa = PBXFileReference; lastKnownFileType = sourcecode.swift; path = AppDelegate.swift; sourceTree = "<group>"; };
		ACA8DCC128B5501B00BD943B /* SceneDelegate.swift */ = {isa = PBXFileReference; lastKnownFileType = sourcecode.swift; path = SceneDelegate.swift; sourceTree = "<group>"; };
		ACA8DCC328B5501B00BD943B /* PhoneNumberViewController.swift */ = {isa = PBXFileReference; lastKnownFileType = sourcecode.swift; path = PhoneNumberViewController.swift; sourceTree = "<group>"; };
		ACA8DCC828B5501C00BD943B /* Assets.xcassets */ = {isa = PBXFileReference; lastKnownFileType = folder.assetcatalog; path = Assets.xcassets; sourceTree = "<group>"; };
		ACA8DCCB28B5501C00BD943B /* Base */ = {isa = PBXFileReference; lastKnownFileType = file.storyboard; name = Base; path = Base.lproj/LaunchScreen.storyboard; sourceTree = "<group>"; };
		ACA8DCCD28B5501C00BD943B /* Info.plist */ = {isa = PBXFileReference; lastKnownFileType = text.plist.xml; path = Info.plist; sourceTree = "<group>"; };
		ACA8DCD228B5501C00BD943B /* DemoAisleTests.xctest */ = {isa = PBXFileReference; explicitFileType = wrapper.cfbundle; includeInIndex = 0; path = DemoAisleTests.xctest; sourceTree = BUILT_PRODUCTS_DIR; };
		ACA8DCD628B5501C00BD943B /* DemoAisleTests.swift */ = {isa = PBXFileReference; lastKnownFileType = sourcecode.swift; path = DemoAisleTests.swift; sourceTree = "<group>"; };
		ACA8DCDC28B5501C00BD943B /* DemoAisleUITests.xctest */ = {isa = PBXFileReference; explicitFileType = wrapper.cfbundle; includeInIndex = 0; path = DemoAisleUITests.xctest; sourceTree = BUILT_PRODUCTS_DIR; };
		ACA8DCE028B5501C00BD943B /* DemoAisleUITests.swift */ = {isa = PBXFileReference; lastKnownFileType = sourcecode.swift; path = DemoAisleUITests.swift; sourceTree = "<group>"; };
		ACA8DCE228B5501C00BD943B /* DemoAisleUITestsLaunchTests.swift */ = {isa = PBXFileReference; lastKnownFileType = sourcecode.swift; path = DemoAisleUITestsLaunchTests.swift; sourceTree = "<group>"; };
/* End PBXFileReference section */

/* Begin PBXFrameworksBuildPhase section */
		ACA8DCB928B5501B00BD943B /* Frameworks */ = {
			isa = PBXFrameworksBuildPhase;
			buildActionMask = 2147483647;
			files = (
				AC3141FE28B6A1DE00E9364D /* RxCocoa in Frameworks */,
				AC31420228B6A1DE00E9364D /* RxSwift in Frameworks */,
				AC31420028B6A1DE00E9364D /* RxRelay in Frameworks */,
			);
			runOnlyForDeploymentPostprocessing = 0;
		};
		ACA8DCCF28B5501C00BD943B /* Frameworks */ = {
			isa = PBXFrameworksBuildPhase;
			buildActionMask = 2147483647;
			files = (
			);
			runOnlyForDeploymentPostprocessing = 0;
		};
		ACA8DCD928B5501C00BD943B /* Frameworks */ = {
			isa = PBXFrameworksBuildPhase;
			buildActionMask = 2147483647;
			files = (
			);
			runOnlyForDeploymentPostprocessing = 0;
		};
/* End PBXFrameworksBuildPhase section */

/* Begin PBXGroup section */
		AC3141F928B6A15F00E9364D /* Networking */ = {
			isa = PBXGroup;
			children = (
				AC3141FA28B6A19300E9364D /* Server.swift */,
				AC31420328B6A38900E9364D /* EmptyRequest.swift */,
				AC31420528B6A39800E9364D /* EmptyResponse.swift */,
				AC31421128B6A7F500E9364D /* Errors.swift */,
				AC4E448828B94B9900A74F42 /* Load.swift */,
			);
			path = Networking;
			sourceTree = "<group>";
		};
		AC31420928B6A43B00E9364D /* Extensions */ = {
			isa = PBXGroup;
			children = (
				AC4E449B28B95A3700A74F42 /* UIWindow+Extension.swift */,
				AC31420A28B6A45700E9364D /* Rx+Extended.swift */,
				AC31420D28B6A5DB00E9364D /* URLSession+Extended.swift */,
				AC31421928B6AA5B00E9364D /* URLRequest+Extended.swift */,
				AC31420F28B6A6A100E9364D /* ErrorExtended.swift */,
				AC31421328B6A82A00E9364D /* JSONDecoder+Extended.swift */,
				AC31421528B6A88100E9364D /* Date+Extended.swift */,
			);
			path = Extensions;
			sourceTree = "<group>";
		};
		AC4E448128B946E200A74F42 /* Screens */ = {
			isa = PBXGroup;
			children = (
				AC4E448E28B94F3500A74F42 /* Enter OTP */,
				AC4E448228B946F300A74F42 /* Phone number login */,
			);
			path = Screens;
			sourceTree = "<group>";
		};
		AC4E448228B946F300A74F42 /* Phone number login */ = {
			isa = PBXGroup;
			children = (
				ACA8DCC328B5501B00BD943B /* PhoneNumberViewController.swift */,
				AC4E448328B9472C00A74F42 /* PhoneNumberViewModel.swift */,
			);
			path = "Phone number login";
			sourceTree = "<group>";
		};
		AC4E448528B949FB00A74F42 /* Types */ = {
			isa = PBXGroup;
			children = (
				AC4E448628B94A1B00A74F42 /* PhoneNumber.swift */,
			);
			path = Types;
			sourceTree = "<group>";
		};
		AC4E448C28B94BF900A74F42 /* Common */ = {
			isa = PBXGroup;
			children = (
				AC4E44A328B95D1F00A74F42 /* Components */,
				AC4E448D28B94C1100A74F42 /* UI */,
			);
			path = Common;
			sourceTree = "<group>";
		};
		AC4E448D28B94C1100A74F42 /* UI */ = {
			isa = PBXGroup;
			children = (
				AC4E448A28B94BF300A74F42 /* ActivityIndicator.swift */,
			);
			path = UI;
			sourceTree = "<group>";
		};
		AC4E448E28B94F3500A74F42 /* Enter OTP */ = {
			isa = PBXGroup;
			children = (
				AC4E448F28B94F4900A74F42 /* EnterOTPViewController.swift */,
			);
			path = "Enter OTP";
			sourceTree = "<group>";
		};
		AC4E44A328B95D1F00A74F42 /* Components */ = {
			isa = PBXGroup;
			children = (
				AC4E44A528B95D3000A74F42 /* CancelAlert */,
				AC4E44A428B95D2600A74F42 /* LoadIndicator */,
			);
			path = Components;
			sourceTree = "<group>";
		};
		AC4E44A428B95D2600A74F42 /* LoadIndicator */ = {
			isa = PBXGroup;
			children = (
				AC4E44A128B95A6B00A74F42 /* LoadingIndicator.swift */,
				AC4E449C28B95A3800A74F42 /* LoadIndicatorView.swift */,
				AC4E449D28B95A3800A74F42 /* LoadIndicatorViewController.swift */,
			);
			path = LoadIndicator;
			sourceTree = "<group>";
		};
		AC4E44A528B95D3000A74F42 /* CancelAlert */ = {
			isa = PBXGroup;
			children = (
				AC4E44A628B95D4000A74F42 /* CancellationAlertController.swift */,
			);
			path = CancelAlert;
			sourceTree = "<group>";
		};
		ACA8DCB328B5501B00BD943B = {
			isa = PBXGroup;
			children = (
				ACA8DCBE28B5501B00BD943B /* DemoAisle */,
				ACA8DCD528B5501C00BD943B /* DemoAisleTests */,
				ACA8DCDF28B5501C00BD943B /* DemoAisleUITests */,
				ACA8DCBD28B5501B00BD943B /* Products */,
			);
			sourceTree = "<group>";
		};
		ACA8DCBD28B5501B00BD943B /* Products */ = {
			isa = PBXGroup;
			children = (
				ACA8DCBC28B5501B00BD943B /* DemoAisle.app */,
				ACA8DCD228B5501C00BD943B /* DemoAisleTests.xctest */,
				ACA8DCDC28B5501C00BD943B /* DemoAisleUITests.xctest */,
			);
			name = Products;
			sourceTree = "<group>";
		};
		ACA8DCBE28B5501B00BD943B /* DemoAisle */ = {
			isa = PBXGroup;
			children = (
				AC31421B28B6AC4E00E9364D /* AppConfiguration.swift */,
				ACA8DCBF28B5501B00BD943B /* AppDelegate.swift */,
				AC4E449128B954FB00A74F42 /* AppDelegateDependencies.swift */,
				ACA8DCC128B5501B00BD943B /* SceneDelegate.swift */,
				AC4E448528B949FB00A74F42 /* Types */,
				AC4E448128B946E200A74F42 /* Screens */,
				AC3141F928B6A15F00E9364D /* Networking */,
				AC4E448C28B94BF900A74F42 /* Common */,
				AC31420928B6A43B00E9364D /* Extensions */,
				ACA8DCC828B5501C00BD943B /* Assets.xcassets */,
				ACA8DCCA28B5501C00BD943B /* LaunchScreen.storyboard */,
				ACA8DCCD28B5501C00BD943B /* Info.plist */,
			);
			path = DemoAisle;
			sourceTree = "<group>";
		};
		ACA8DCD528B5501C00BD943B /* DemoAisleTests */ = {
			isa = PBXGroup;
			children = (
				ACA8DCD628B5501C00BD943B /* DemoAisleTests.swift */,
			);
			path = DemoAisleTests;
			sourceTree = "<group>";
		};
		ACA8DCDF28B5501C00BD943B /* DemoAisleUITests */ = {
			isa = PBXGroup;
			children = (
				ACA8DCE028B5501C00BD943B /* DemoAisleUITests.swift */,
				ACA8DCE228B5501C00BD943B /* DemoAisleUITestsLaunchTests.swift */,
			);
			path = DemoAisleUITests;
			sourceTree = "<group>";
		};
/* End PBXGroup section */

/* Begin PBXNativeTarget section */
		ACA8DCBB28B5501B00BD943B /* DemoAisle */ = {
			isa = PBXNativeTarget;
			buildConfigurationList = ACA8DCE628B5501C00BD943B /* Build configuration list for PBXNativeTarget "DemoAisle" */;
			buildPhases = (
				ACA8DCB828B5501B00BD943B /* Sources */,
				ACA8DCB928B5501B00BD943B /* Frameworks */,
				ACA8DCBA28B5501B00BD943B /* Resources */,
			);
			buildRules = (
			);
			dependencies = (
			);
			name = DemoAisle;
			packageProductDependencies = (
				AC3141FD28B6A1DE00E9364D /* RxCocoa */,
				AC3141FF28B6A1DE00E9364D /* RxRelay */,
				AC31420128B6A1DE00E9364D /* RxSwift */,
			);
			productName = DemoAisle;
			productReference = ACA8DCBC28B5501B00BD943B /* DemoAisle.app */;
			productType = "com.apple.product-type.application";
		};
		ACA8DCD128B5501C00BD943B /* DemoAisleTests */ = {
			isa = PBXNativeTarget;
			buildConfigurationList = ACA8DCE928B5501C00BD943B /* Build configuration list for PBXNativeTarget "DemoAisleTests" */;
			buildPhases = (
				ACA8DCCE28B5501C00BD943B /* Sources */,
				ACA8DCCF28B5501C00BD943B /* Frameworks */,
				ACA8DCD028B5501C00BD943B /* Resources */,
			);
			buildRules = (
			);
			dependencies = (
				ACA8DCD428B5501C00BD943B /* PBXTargetDependency */,
			);
			name = DemoAisleTests;
			productName = DemoAisleTests;
			productReference = ACA8DCD228B5501C00BD943B /* DemoAisleTests.xctest */;
			productType = "com.apple.product-type.bundle.unit-test";
		};
		ACA8DCDB28B5501C00BD943B /* DemoAisleUITests */ = {
			isa = PBXNativeTarget;
			buildConfigurationList = ACA8DCEC28B5501C00BD943B /* Build configuration list for PBXNativeTarget "DemoAisleUITests" */;
			buildPhases = (
				ACA8DCD828B5501C00BD943B /* Sources */,
				ACA8DCD928B5501C00BD943B /* Frameworks */,
				ACA8DCDA28B5501C00BD943B /* Resources */,
			);
			buildRules = (
			);
			dependencies = (
				ACA8DCDE28B5501C00BD943B /* PBXTargetDependency */,
			);
			name = DemoAisleUITests;
			productName = DemoAisleUITests;
			productReference = ACA8DCDC28B5501C00BD943B /* DemoAisleUITests.xctest */;
			productType = "com.apple.product-type.bundle.ui-testing";
		};
/* End PBXNativeTarget section */

/* Begin PBXProject section */
		ACA8DCB428B5501B00BD943B /* Project object */ = {
			isa = PBXProject;
			attributes = {
				BuildIndependentTargetsInParallel = 1;
				LastSwiftUpdateCheck = 1320;
				LastUpgradeCheck = 1320;
				TargetAttributes = {
					ACA8DCBB28B5501B00BD943B = {
						CreatedOnToolsVersion = 13.2.1;
					};
					ACA8DCD128B5501C00BD943B = {
						CreatedOnToolsVersion = 13.2.1;
						TestTargetID = ACA8DCBB28B5501B00BD943B;
					};
					ACA8DCDB28B5501C00BD943B = {
						CreatedOnToolsVersion = 13.2.1;
						TestTargetID = ACA8DCBB28B5501B00BD943B;
					};
				};
			};
			buildConfigurationList = ACA8DCB728B5501B00BD943B /* Build configuration list for PBXProject "DemoAisle" */;
			compatibilityVersion = "Xcode 13.0";
			developmentRegion = en;
			hasScannedForEncodings = 0;
			knownRegions = (
				en,
				Base,
			);
			mainGroup = ACA8DCB328B5501B00BD943B;
			packageReferences = (
				AC3141FC28B6A1DE00E9364D /* XCRemoteSwiftPackageReference "RxSwift" */,
			);
			productRefGroup = ACA8DCBD28B5501B00BD943B /* Products */;
			projectDirPath = "";
			projectRoot = "";
			targets = (
				ACA8DCBB28B5501B00BD943B /* DemoAisle */,
				ACA8DCD128B5501C00BD943B /* DemoAisleTests */,
				ACA8DCDB28B5501C00BD943B /* DemoAisleUITests */,
			);
		};
/* End PBXProject section */

/* Begin PBXResourcesBuildPhase section */
		ACA8DCBA28B5501B00BD943B /* Resources */ = {
			isa = PBXResourcesBuildPhase;
			buildActionMask = 2147483647;
			files = (
				ACA8DCCC28B5501C00BD943B /* LaunchScreen.storyboard in Resources */,
				ACA8DCC928B5501C00BD943B /* Assets.xcassets in Resources */,
			);
			runOnlyForDeploymentPostprocessing = 0;
		};
		ACA8DCD028B5501C00BD943B /* Resources */ = {
			isa = PBXResourcesBuildPhase;
			buildActionMask = 2147483647;
			files = (
			);
			runOnlyForDeploymentPostprocessing = 0;
		};
		ACA8DCDA28B5501C00BD943B /* Resources */ = {
			isa = PBXResourcesBuildPhase;
			buildActionMask = 2147483647;
			files = (
			);
			runOnlyForDeploymentPostprocessing = 0;
		};
/* End PBXResourcesBuildPhase section */

/* Begin PBXSourcesBuildPhase section */
		ACA8DCB828B5501B00BD943B /* Sources */ = {
			isa = PBXSourcesBuildPhase;
			buildActionMask = 2147483647;
			files = (
				AC31420C28B6A45700E9364D /* Rx+Extended.swift in Sources */,
				AC31420628B6A39800E9364D /* EmptyResponse.swift in Sources */,
				AC4E449F28B95A3800A74F42 /* LoadIndicatorView.swift in Sources */,
				AC4E449E28B95A3800A74F42 /* UIWindow+Extension.swift in Sources */,
				AC4E44A728B95D4000A74F42 /* CancellationAlertController.swift in Sources */,
				ACA8DCC428B5501B00BD943B /* PhoneNumberViewController.swift in Sources */,
				ACA8DCC028B5501B00BD943B /* AppDelegate.swift in Sources */,
				AC3141FB28B6A19300E9364D /* Server.swift in Sources */,
				AC31421028B6A6A100E9364D /* ErrorExtended.swift in Sources */,
				AC31421228B6A7F500E9364D /* Errors.swift in Sources */,
				AC4E448928B94B9900A74F42 /* Load.swift in Sources */,
				AC31421428B6A82A00E9364D /* JSONDecoder+Extended.swift in Sources */,
				AC31421628B6A88100E9364D /* Date+Extended.swift in Sources */,
				AC4E44A228B95A6B00A74F42 /* LoadingIndicator.swift in Sources */,
				AC4E44A028B95A3800A74F42 /* LoadIndicatorViewController.swift in Sources */,
				ACA8DCC228B5501B00BD943B /* SceneDelegate.swift in Sources */,
				AC4E449028B94F4900A74F42 /* EnterOTPViewController.swift in Sources */,
				AC4E448428B9472C00A74F42 /* PhoneNumberViewModel.swift in Sources */,
				AC31420428B6A38900E9364D /* EmptyRequest.swift in Sources */,
				AC31420E28B6A5DB00E9364D /* URLSession+Extended.swift in Sources */,
				AC31421C28B6AC4E00E9364D /* AppConfiguration.swift in Sources */,
				AC31421A28B6AA5B00E9364D /* URLRequest+Extended.swift in Sources */,
				AC4E448B28B94BF300A74F42 /* ActivityIndicator.swift in Sources */,
				AC4E448728B94A1B00A74F42 /* PhoneNumber.swift in Sources */,
				AC4E449228B954FB00A74F42 /* AppDelegateDependencies.swift in Sources */,
			);
			runOnlyForDeploymentPostprocessing = 0;
		};
		ACA8DCCE28B5501C00BD943B /* Sources */ = {
			isa = PBXSourcesBuildPhase;
			buildActionMask = 2147483647;
			files = (
				ACA8DCD728B5501C00BD943B /* DemoAisleTests.swift in Sources */,
			);
			runOnlyForDeploymentPostprocessing = 0;
		};
		ACA8DCD828B5501C00BD943B /* Sources */ = {
			isa = PBXSourcesBuildPhase;
			buildActionMask = 2147483647;
			files = (
				ACA8DCE328B5501C00BD943B /* DemoAisleUITestsLaunchTests.swift in Sources */,
				ACA8DCE128B5501C00BD943B /* DemoAisleUITests.swift in Sources */,
			);
			runOnlyForDeploymentPostprocessing = 0;
		};
/* End PBXSourcesBuildPhase section */

/* Begin PBXTargetDependency section */
		ACA8DCD428B5501C00BD943B /* PBXTargetDependency */ = {
			isa = PBXTargetDependency;
			target = ACA8DCBB28B5501B00BD943B /* DemoAisle */;
			targetProxy = ACA8DCD328B5501C00BD943B /* PBXContainerItemProxy */;
		};
		ACA8DCDE28B5501C00BD943B /* PBXTargetDependency */ = {
			isa = PBXTargetDependency;
			target = ACA8DCBB28B5501B00BD943B /* DemoAisle */;
			targetProxy = ACA8DCDD28B5501C00BD943B /* PBXContainerItemProxy */;
		};
/* End PBXTargetDependency section */

/* Begin PBXVariantGroup section */
		AC31420A28B6A45700E9364D /* Rx+Extended.swift */ = {
			isa = PBXVariantGroup;
			children = (
				AC31420B28B6A45700E9364D /* Base */,
			);
			name = "Rx+Extended.swift";
			sourceTree = "<group>";
		};
		ACA8DCCA28B5501C00BD943B /* LaunchScreen.storyboard */ = {
			isa = PBXVariantGroup;
			children = (
				ACA8DCCB28B5501C00BD943B /* Base */,
			);
			name = LaunchScreen.storyboard;
			sourceTree = "<group>";
		};
/* End PBXVariantGroup section */

/* Begin XCBuildConfiguration section */
		ACA8DCE428B5501C00BD943B /* Debug */ = {
			isa = XCBuildConfiguration;
			buildSettings = {
				ALWAYS_SEARCH_USER_PATHS = NO;
				CLANG_ANALYZER_NONNULL = YES;
				CLANG_ANALYZER_NUMBER_OBJECT_CONVERSION = YES_AGGRESSIVE;
				CLANG_CXX_LANGUAGE_STANDARD = "gnu++17";
				CLANG_CXX_LIBRARY = "libc++";
				CLANG_ENABLE_MODULES = YES;
				CLANG_ENABLE_OBJC_ARC = YES;
				CLANG_ENABLE_OBJC_WEAK = YES;
				CLANG_WARN_BLOCK_CAPTURE_AUTORELEASING = YES;
				CLANG_WARN_BOOL_CONVERSION = YES;
				CLANG_WARN_COMMA = YES;
				CLANG_WARN_CONSTANT_CONVERSION = YES;
				CLANG_WARN_DEPRECATED_OBJC_IMPLEMENTATIONS = YES;
				CLANG_WARN_DIRECT_OBJC_ISA_USAGE = YES_ERROR;
				CLANG_WARN_DOCUMENTATION_COMMENTS = YES;
				CLANG_WARN_EMPTY_BODY = YES;
				CLANG_WARN_ENUM_CONVERSION = YES;
				CLANG_WARN_INFINITE_RECURSION = YES;
				CLANG_WARN_INT_CONVERSION = YES;
				CLANG_WARN_NON_LITERAL_NULL_CONVERSION = YES;
				CLANG_WARN_OBJC_IMPLICIT_RETAIN_SELF = YES;
				CLANG_WARN_OBJC_LITERAL_CONVERSION = YES;
				CLANG_WARN_OBJC_ROOT_CLASS = YES_ERROR;
				CLANG_WARN_QUOTED_INCLUDE_IN_FRAMEWORK_HEADER = YES;
				CLANG_WARN_RANGE_LOOP_ANALYSIS = YES;
				CLANG_WARN_STRICT_PROTOTYPES = YES;
				CLANG_WARN_SUSPICIOUS_MOVE = YES;
				CLANG_WARN_UNGUARDED_AVAILABILITY = YES_AGGRESSIVE;
				CLANG_WARN_UNREACHABLE_CODE = YES;
				CLANG_WARN__DUPLICATE_METHOD_MATCH = YES;
				COPY_PHASE_STRIP = NO;
				DEBUG_INFORMATION_FORMAT = dwarf;
				ENABLE_STRICT_OBJC_MSGSEND = YES;
				ENABLE_TESTABILITY = YES;
				GCC_C_LANGUAGE_STANDARD = gnu11;
				GCC_DYNAMIC_NO_PIC = NO;
				GCC_NO_COMMON_BLOCKS = YES;
				GCC_OPTIMIZATION_LEVEL = 0;
				GCC_PREPROCESSOR_DEFINITIONS = (
					"DEBUG=1",
					"$(inherited)",
				);
				GCC_WARN_64_TO_32_BIT_CONVERSION = YES;
				GCC_WARN_ABOUT_RETURN_TYPE = YES_ERROR;
				GCC_WARN_UNDECLARED_SELECTOR = YES;
				GCC_WARN_UNINITIALIZED_AUTOS = YES_AGGRESSIVE;
				GCC_WARN_UNUSED_FUNCTION = YES;
				GCC_WARN_UNUSED_VARIABLE = YES;
				IPHONEOS_DEPLOYMENT_TARGET = 15.2;
				MTL_ENABLE_DEBUG_INFO = INCLUDE_SOURCE;
				MTL_FAST_MATH = YES;
				ONLY_ACTIVE_ARCH = YES;
				SDKROOT = iphoneos;
				SWIFT_ACTIVE_COMPILATION_CONDITIONS = DEBUG;
				SWIFT_OPTIMIZATION_LEVEL = "-Onone";
			};
			name = Debug;
		};
		ACA8DCE528B5501C00BD943B /* Release */ = {
			isa = XCBuildConfiguration;
			buildSettings = {
				ALWAYS_SEARCH_USER_PATHS = NO;
				CLANG_ANALYZER_NONNULL = YES;
				CLANG_ANALYZER_NUMBER_OBJECT_CONVERSION = YES_AGGRESSIVE;
				CLANG_CXX_LANGUAGE_STANDARD = "gnu++17";
				CLANG_CXX_LIBRARY = "libc++";
				CLANG_ENABLE_MODULES = YES;
				CLANG_ENABLE_OBJC_ARC = YES;
				CLANG_ENABLE_OBJC_WEAK = YES;
				CLANG_WARN_BLOCK_CAPTURE_AUTORELEASING = YES;
				CLANG_WARN_BOOL_CONVERSION = YES;
				CLANG_WARN_COMMA = YES;
				CLANG_WARN_CONSTANT_CONVERSION = YES;
				CLANG_WARN_DEPRECATED_OBJC_IMPLEMENTATIONS = YES;
				CLANG_WARN_DIRECT_OBJC_ISA_USAGE = YES_ERROR;
				CLANG_WARN_DOCUMENTATION_COMMENTS = YES;
				CLANG_WARN_EMPTY_BODY = YES;
				CLANG_WARN_ENUM_CONVERSION = YES;
				CLANG_WARN_INFINITE_RECURSION = YES;
				CLANG_WARN_INT_CONVERSION = YES;
				CLANG_WARN_NON_LITERAL_NULL_CONVERSION = YES;
				CLANG_WARN_OBJC_IMPLICIT_RETAIN_SELF = YES;
				CLANG_WARN_OBJC_LITERAL_CONVERSION = YES;
				CLANG_WARN_OBJC_ROOT_CLASS = YES_ERROR;
				CLANG_WARN_QUOTED_INCLUDE_IN_FRAMEWORK_HEADER = YES;
				CLANG_WARN_RANGE_LOOP_ANALYSIS = YES;
				CLANG_WARN_STRICT_PROTOTYPES = YES;
				CLANG_WARN_SUSPICIOUS_MOVE = YES;
				CLANG_WARN_UNGUARDED_AVAILABILITY = YES_AGGRESSIVE;
				CLANG_WARN_UNREACHABLE_CODE = YES;
				CLANG_WARN__DUPLICATE_METHOD_MATCH = YES;
				COPY_PHASE_STRIP = NO;
				DEBUG_INFORMATION_FORMAT = "dwarf-with-dsym";
				ENABLE_NS_ASSERTIONS = NO;
				ENABLE_STRICT_OBJC_MSGSEND = YES;
				GCC_C_LANGUAGE_STANDARD = gnu11;
				GCC_NO_COMMON_BLOCKS = YES;
				GCC_WARN_64_TO_32_BIT_CONVERSION = YES;
				GCC_WARN_ABOUT_RETURN_TYPE = YES_ERROR;
				GCC_WARN_UNDECLARED_SELECTOR = YES;
				GCC_WARN_UNINITIALIZED_AUTOS = YES_AGGRESSIVE;
				GCC_WARN_UNUSED_FUNCTION = YES;
				GCC_WARN_UNUSED_VARIABLE = YES;
				IPHONEOS_DEPLOYMENT_TARGET = 15.2;
				MTL_ENABLE_DEBUG_INFO = NO;
				MTL_FAST_MATH = YES;
				SDKROOT = iphoneos;
				SWIFT_COMPILATION_MODE = wholemodule;
				SWIFT_OPTIMIZATION_LEVEL = "-O";
				VALIDATE_PRODUCT = YES;
			};
			name = Release;
		};
		ACA8DCE728B5501C00BD943B /* Debug */ = {
			isa = XCBuildConfiguration;
			buildSettings = {
				ASSETCATALOG_COMPILER_APPICON_NAME = AppIcon;
				ASSETCATALOG_COMPILER_GLOBAL_ACCENT_COLOR_NAME = AccentColor;
				CODE_SIGN_STYLE = Automatic;
				CURRENT_PROJECT_VERSION = 1;
				GENERATE_INFOPLIST_FILE = YES;
				INFOPLIST_FILE = DemoAisle/Info.plist;
				INFOPLIST_KEY_UIApplicationSupportsIndirectInputEvents = YES;
				INFOPLIST_KEY_UILaunchStoryboardName = LaunchScreen;
				INFOPLIST_KEY_UISupportedInterfaceOrientations_iPad = "UIInterfaceOrientationPortrait UIInterfaceOrientationPortraitUpsideDown UIInterfaceOrientationLandscapeLeft UIInterfaceOrientationLandscapeRight";
				INFOPLIST_KEY_UISupportedInterfaceOrientations_iPhone = "UIInterfaceOrientationPortrait UIInterfaceOrientationLandscapeLeft UIInterfaceOrientationLandscapeRight";
				LD_RUNPATH_SEARCH_PATHS = (
					"$(inherited)",
					"@executable_path/Frameworks",
				);
				MARKETING_VERSION = 1.0;
				PRODUCT_BUNDLE_IDENTIFIER = Rakshith.DemoAisle;
				PRODUCT_NAME = "$(TARGET_NAME)";
				SWIFT_EMIT_LOC_STRINGS = YES;
				SWIFT_VERSION = 5.0;
				TARGETED_DEVICE_FAMILY = "1,2";
			};
			name = Debug;
		};
		ACA8DCE828B5501C00BD943B /* Release */ = {
			isa = XCBuildConfiguration;
			buildSettings = {
				ASSETCATALOG_COMPILER_APPICON_NAME = AppIcon;
				ASSETCATALOG_COMPILER_GLOBAL_ACCENT_COLOR_NAME = AccentColor;
				CODE_SIGN_STYLE = Automatic;
				CURRENT_PROJECT_VERSION = 1;
				GENERATE_INFOPLIST_FILE = YES;
				INFOPLIST_FILE = DemoAisle/Info.plist;
				INFOPLIST_KEY_UIApplicationSupportsIndirectInputEvents = YES;
				INFOPLIST_KEY_UILaunchStoryboardName = LaunchScreen;
				INFOPLIST_KEY_UISupportedInterfaceOrientations_iPad = "UIInterfaceOrientationPortrait UIInterfaceOrientationPortraitUpsideDown UIInterfaceOrientationLandscapeLeft UIInterfaceOrientationLandscapeRight";
				INFOPLIST_KEY_UISupportedInterfaceOrientations_iPhone = "UIInterfaceOrientationPortrait UIInterfaceOrientationLandscapeLeft UIInterfaceOrientationLandscapeRight";
				LD_RUNPATH_SEARCH_PATHS = (
					"$(inherited)",
					"@executable_path/Frameworks",
				);
				MARKETING_VERSION = 1.0;
				PRODUCT_BUNDLE_IDENTIFIER = Rakshith.DemoAisle;
				PRODUCT_NAME = "$(TARGET_NAME)";
				SWIFT_EMIT_LOC_STRINGS = YES;
				SWIFT_VERSION = 5.0;
				TARGETED_DEVICE_FAMILY = "1,2";
			};
			name = Release;
		};
		ACA8DCEA28B5501C00BD943B /* Debug */ = {
			isa = XCBuildConfiguration;
			buildSettings = {
				ALWAYS_EMBED_SWIFT_STANDARD_LIBRARIES = YES;
				BUNDLE_LOADER = "$(TEST_HOST)";
				CODE_SIGN_STYLE = Automatic;
				CURRENT_PROJECT_VERSION = 1;
				GENERATE_INFOPLIST_FILE = YES;
				IPHONEOS_DEPLOYMENT_TARGET = 15.2;
				MARKETING_VERSION = 1.0;
				PRODUCT_BUNDLE_IDENTIFIER = Rakshith.DemoAisleTests;
				PRODUCT_NAME = "$(TARGET_NAME)";
				SWIFT_EMIT_LOC_STRINGS = NO;
				SWIFT_VERSION = 5.0;
				TARGETED_DEVICE_FAMILY = "1,2";
				TEST_HOST = "$(BUILT_PRODUCTS_DIR)/DemoAisle.app/DemoAisle";
			};
			name = Debug;
		};
		ACA8DCEB28B5501C00BD943B /* Release */ = {
			isa = XCBuildConfiguration;
			buildSettings = {
				ALWAYS_EMBED_SWIFT_STANDARD_LIBRARIES = YES;
				BUNDLE_LOADER = "$(TEST_HOST)";
				CODE_SIGN_STYLE = Automatic;
				CURRENT_PROJECT_VERSION = 1;
				GENERATE_INFOPLIST_FILE = YES;
				IPHONEOS_DEPLOYMENT_TARGET = 15.2;
				MARKETING_VERSION = 1.0;
				PRODUCT_BUNDLE_IDENTIFIER = Rakshith.DemoAisleTests;
				PRODUCT_NAME = "$(TARGET_NAME)";
				SWIFT_EMIT_LOC_STRINGS = NO;
				SWIFT_VERSION = 5.0;
				TARGETED_DEVICE_FAMILY = "1,2";
				TEST_HOST = "$(BUILT_PRODUCTS_DIR)/DemoAisle.app/DemoAisle";
			};
			name = Release;
		};
		ACA8DCED28B5501C00BD943B /* Debug */ = {
			isa = XCBuildConfiguration;
			buildSettings = {
				ALWAYS_EMBED_SWIFT_STANDARD_LIBRARIES = YES;
				CODE_SIGN_STYLE = Automatic;
				CURRENT_PROJECT_VERSION = 1;
				GENERATE_INFOPLIST_FILE = YES;
				MARKETING_VERSION = 1.0;
				PRODUCT_BUNDLE_IDENTIFIER = Rakshith.DemoAisleUITests;
				PRODUCT_NAME = "$(TARGET_NAME)";
				SWIFT_EMIT_LOC_STRINGS = NO;
				SWIFT_VERSION = 5.0;
				TARGETED_DEVICE_FAMILY = "1,2";
				TEST_TARGET_NAME = DemoAisle;
			};
			name = Debug;
		};
		ACA8DCEE28B5501C00BD943B /* Release */ = {
			isa = XCBuildConfiguration;
			buildSettings = {
				ALWAYS_EMBED_SWIFT_STANDARD_LIBRARIES = YES;
				CODE_SIGN_STYLE = Automatic;
				CURRENT_PROJECT_VERSION = 1;
				GENERATE_INFOPLIST_FILE = YES;
				MARKETING_VERSION = 1.0;
				PRODUCT_BUNDLE_IDENTIFIER = Rakshith.DemoAisleUITests;
				PRODUCT_NAME = "$(TARGET_NAME)";
				SWIFT_EMIT_LOC_STRINGS = NO;
				SWIFT_VERSION = 5.0;
				TARGETED_DEVICE_FAMILY = "1,2";
				TEST_TARGET_NAME = DemoAisle;
			};
			name = Release;
		};
/* End XCBuildConfiguration section */

/* Begin XCConfigurationList section */
		ACA8DCB728B5501B00BD943B /* Build configuration list for PBXProject "DemoAisle" */ = {
			isa = XCConfigurationList;
			buildConfigurations = (
				ACA8DCE428B5501C00BD943B /* Debug */,
				ACA8DCE528B5501C00BD943B /* Release */,
			);
			defaultConfigurationIsVisible = 0;
			defaultConfigurationName = Release;
		};
		ACA8DCE628B5501C00BD943B /* Build configuration list for PBXNativeTarget "DemoAisle" */ = {
			isa = XCConfigurationList;
			buildConfigurations = (
				ACA8DCE728B5501C00BD943B /* Debug */,
				ACA8DCE828B5501C00BD943B /* Release */,
			);
			defaultConfigurationIsVisible = 0;
			defaultConfigurationName = Release;
		};
		ACA8DCE928B5501C00BD943B /* Build configuration list for PBXNativeTarget "DemoAisleTests" */ = {
			isa = XCConfigurationList;
			buildConfigurations = (
				ACA8DCEA28B5501C00BD943B /* Debug */,
				ACA8DCEB28B5501C00BD943B /* Release */,
			);
			defaultConfigurationIsVisible = 0;
			defaultConfigurationName = Release;
		};
		ACA8DCEC28B5501C00BD943B /* Build configuration list for PBXNativeTarget "DemoAisleUITests" */ = {
			isa = XCConfigurationList;
			buildConfigurations = (
				ACA8DCED28B5501C00BD943B /* Debug */,
				ACA8DCEE28B5501C00BD943B /* Release */,
			);
			defaultConfigurationIsVisible = 0;
			defaultConfigurationName = Release;
		};
/* End XCConfigurationList section */

/* Begin XCRemoteSwiftPackageReference section */
		AC3141FC28B6A1DE00E9364D /* XCRemoteSwiftPackageReference "RxSwift" */ = {
			isa = XCRemoteSwiftPackageReference;
			repositoryURL = "https://github.com/ReactiveX/RxSwift";
			requirement = {
				kind = upToNextMajorVersion;
				minimumVersion = 6.0.0;
			};
		};
/* End XCRemoteSwiftPackageReference section */

/* Begin XCSwiftPackageProductDependency section */
		AC3141FD28B6A1DE00E9364D /* RxCocoa */ = {
			isa = XCSwiftPackageProductDependency;
			package = AC3141FC28B6A1DE00E9364D /* XCRemoteSwiftPackageReference "RxSwift" */;
			productName = RxCocoa;
		};
		AC3141FF28B6A1DE00E9364D /* RxRelay */ = {
			isa = XCSwiftPackageProductDependency;
			package = AC3141FC28B6A1DE00E9364D /* XCRemoteSwiftPackageReference "RxSwift" */;
			productName = RxRelay;
		};
		AC31420128B6A1DE00E9364D /* RxSwift */ = {
			isa = XCSwiftPackageProductDependency;
			package = AC3141FC28B6A1DE00E9364D /* XCRemoteSwiftPackageReference "RxSwift" */;
			productName = RxSwift;
		};
/* End XCSwiftPackageProductDependency section */
	};
	rootObject = ACA8DCB428B5501B00BD943B /* Project object */;
}
